
Microsoft Visual Studio Solution File, Format Version 12.00
# Visual Studio Version 16
VisualStudioVersion = 16.0.36227.6
MinimumVisualStudioVersion = 10.0.40219.1
Project("{FAE04EC0-301F-11D3-BF4B-00C04F79EFBC}") = "projectapplication", "projectapplication.csproj", "{1F13F177-2D20-4493-A99C-A229F6B031A7}"
EndProject
Global
	GlobalSection(SolutionConfigurationPlatforms) = preSolution
		Debug|Any CPU = Debug|Any CPU
		Release|Any CPU = Release|Any CPU
	EndGlobalSection
	GlobalSection(ProjectConfigurationPlatforms) = postSolution
		{1F13F177-2D20-4493-A99C-A229F6B031A7}.Debug|Any CPU.ActiveCfg = Debug|Any CPU
		{1F13F177-2D20-4493-A99C-A229F6B031A7}.Debug|Any CPU.Build.0 = Debug|Any CPU
		{1F13F177-2D20-4493-A99C-A229F6B031A7}.Release|Any CPU.ActiveCfg = Release|Any CPU
		{1F13F177-2D20-4493-A99C-A229F6B031A7}.Release|Any CPU.Build.0 = Release|Any CPU
	EndGlobalSection
	GlobalSection(SolutionProperties) = preSolution
		HideSolutionNode = FALSE
	EndGlobalSection
	GlobalSection(ExtensibilityGlobals) = postSolution
		SolutionGuid = {323D2117-9540-4D59-86BF-846671FD088D}
	EndGlobalSection
EndGlobal
